lockfileVersion: '9.0'

settings:
  autoInstallPeers: true
  excludeLinksFromLockfile: false

importers:

  .:
    devDependencies:
      '@babel/helper-plugin-utils':
        specifier: ^7.26.5
        version: 7.26.5
      '@babel/types':
        specifier: ^7.27.0
        version: 7.27.0
      '@types/babel__core':
        specifier: ^7.20.5
        version: 7.20.5
      '@types/babel__helper-plugin-utils':
        specifier: ^7.10.3
        version: 7.10.3

packages:

  '@babel/helper-plugin-utils@7.26.5':
    resolution: {integrity: sha512-RS+jZcRdZdRFzMyr+wcsaqOmld1/EqTghfaBGQQd/WnRdzdlvSZ//kF7U8VQTxf1ynZ4cjUcYgjVGx13ewNPMg==}
    engines: {node: '>=6.9.0'}

  '@babel/helper-string-parser@7.25.9':
    resolution: {integrity: sha512-4A/SCr/2KLd5jrtOMFzaKjVtAei3+2r/NChoBNoZ3EyP/+GlhoaEGoWOZUmFmoITP7zOJyHIMm+DYRd8o3PvHA==}
    engines: {node: '>=6.9.0'}

  '@babel/helper-validator-identifier@7.25.9':
    resolution: {integrity: sha512-Ed61U6XJc3CVRfkERJWDz4dJwKe7iLmmJsbOGu9wSloNSFttHV0I8g6UAgb7qnK5ly5bGLPd4oXZlxCdANBOWQ==}
    engines: {node: '>=6.9.0'}

  '@babel/parser@7.27.0':
    resolution: {integrity: sha512-iaepho73/2Pz7w2eMS0Q5f83+0RKI7i4xmiYeBmDzfRVbQtTOG7Ts0S4HzJVsTMGI9keU8rNfuZr8DKfSt7Yyg==}
    engines: {node: '>=6.0.0'}
    hasBin: true

  '@babel/types@7.27.0':
    resolution: {integrity: sha512-H45s8fVLYjbhFH62dIJ3WtmJ6RSPt/3DRO0ZcT2SUiYiQyz3BLVb9ADEnLl91m74aQPS3AzzeajZHYOalWe3bg==}
    engines: {node: '>=6.9.0'}

  '@types/babel__core@7.20.5':
    resolution: {integrity: sha512-qoQprZvz5wQFJwMDqeseRXWv3rqMvhgpbXFfVyWhbx9X47POIA6i/+dXefEmZKoAgOaTdaIgNSMqMIU61yRyzA==}

  '@types/babel__generator@7.6.8':
    resolution: {integrity: sha512-ASsj+tpEDsEiFr1arWrlN6V3mdfjRMZt6LtK/Vp/kreFLnr5QH5+DhvD5nINYZXzwJvXeGq+05iUXcAzVrqWtw==}

  '@types/babel__helper-plugin-utils@7.10.3':
    resolution: {integrity: sha512-FcLBBPXInqKfULB2nvOBskQPcnSMZ0s1Y2q76u9H1NPPWaLcTeq38xBeKfF/RBUECK333qeaqRdYoPSwW7rTNQ==}

  '@types/babel__template@7.4.4':
    resolution: {integrity: sha512-h/NUaSyG5EyxBIp8YRxo4RMe2/qQgvyowRwVMzhYhBCONbW8PUsg4lkFMrhgZhUe5z3L3MiLDuvyJ/CaPa2A8A==}

  '@types/babel__traverse@7.20.7':
    resolution: {integrity: sha512-dkO5fhS7+/oos4ciWxyEyjWe48zmG6wbCheo/G2ZnHx4fs3EU6YC6UM8rk56gAjNJ9P3MTH2jo5jb92/K6wbng==}

snapshots:

  '@babel/helper-plugin-utils@7.26.5': {}

  '@babel/helper-string-parser@7.25.9': {}

  '@babel/helper-validator-identifier@7.25.9': {}

  '@babel/parser@7.27.0':
    dependencies:
      '@babel/types': 7.27.0

  '@babel/types@7.27.0':
    dependencies:
      '@babel/helper-string-parser': 7.25.9
      '@babel/helper-validator-identifier': 7.25.9

  '@types/babel__core@7.20.5':
    dependencies:
      '@babel/parser': 7.27.0
      '@babel/types': 7.27.0
      '@types/babel__generator': 7.6.8
      '@types/babel__template': 7.4.4
      '@types/babel__traverse': 7.20.7

  '@types/babel__generator@7.6.8':
    dependencies:
      '@babel/types': 7.27.0

  '@types/babel__helper-plugin-utils@7.10.3':
    dependencies:
      '@types/babel__core': 7.20.5

  '@types/babel__template@7.4.4':
    dependencies:
      '@babel/parser': 7.27.0
      '@babel/types': 7.27.0

  '@types/babel__traverse@7.20.7':
    dependencies:
      '@babel/types': 7.27.0
